# THIS IS AN AUTOGENERATED FILE. DO NOT EDIT THIS FILE DIRECTLY.
# yarn lockfile v1


balanced-match@^1.0.0:
  version "1.0.0"
  resolved "https://registry.yarnpkg.com/balanced-match/-/balanced-match-1.0.0.tgz#89b4d199ab2bee49de164ea02b89ce462d71b767"

blank-object@^1.0.1:
  version "1.0.2"
  resolved "https://registry.yarnpkg.com/blank-object/-/blank-object-1.0.2.tgz#f990793fbe9a8c8dd013fb3219420bec81d5f4b9"

brace-expansion@^1.0.0, brace-expansion@^1.1.7:
  version "1.1.8"
  resolved "https://registry.yarnpkg.com/brace-expansion/-/brace-expansion-1.1.8.tgz#c07b211c7c952ec1f8efd51a77ef0d1d3990a292"
  dependencies:
    balanced-match "^1.0.0"
    concat-map "0.0.1"

broccoli-flatiron@^0.0.0:
  version "0.0.0"
  resolved "https://registry.yarnpkg.com/broccoli-flatiron/-/broccoli-flatiron-0.0.0.tgz#e97504016b56eea04813b5d862fda18b6f11a77f"
  dependencies:
    broccoli-kitchen-sink-helpers "~0.2.4"
    broccoli-writer "~0.1.1"
    mkdirp "^0.3.5"
    rsvp "~3.0.6"

broccoli-kitchen-sink-helpers@^0.2.0, broccoli-kitchen-sink-helpers@~0.2.4:
  version "0.2.9"
  resolved "https://registry.yarnpkg.com/broccoli-kitchen-sink-helpers/-/broccoli-kitchen-sink-helpers-0.2.9.tgz#a5e0986ed8d76fb5984b68c3f0450d3a96e36ecc"
  dependencies:
    glob "^5.0.10"
    mkdirp "^0.5.1"

broccoli-merge-trees@^1.0.0:
  version "1.2.4"
  resolved "https://registry.yarnpkg.com/broccoli-merge-trees/-/broccoli-merge-trees-1.2.4.tgz#a001519bb5067f06589d91afa2942445a2d0fdb5"
  dependencies:
    broccoli-plugin "^1.3.0"
    can-symlink "^1.0.0"
    fast-ordered-set "^1.0.2"
    fs-tree-diff "^0.5.4"
    heimdalljs "^0.2.1"
    heimdalljs-logger "^0.1.7"
    rimraf "^2.4.3"
    symlink-or-copy "^1.0.0"

broccoli-plugin@^1.3.0:
  version "1.3.0"
  resolved "https://registry.yarnpkg.com/broccoli-plugin/-/broccoli-plugin-1.3.0.tgz#bee704a8e42da08cb58e513aaa436efb7f0ef1ee"
  dependencies:
    promise-map-series "^0.2.1"
    quick-temp "^0.1.3"
    rimraf "^2.3.4"
    symlink-or-copy "^1.1.8"

broccoli-static-compiler@^0.1.4:
  version "0.1.4"
  resolved "https://registry.yarnpkg.com/broccoli-static-compiler/-/broccoli-static-compiler-0.1.4.tgz#713d18f08eb3131530575a0c5ad2951bba10af41"
  dependencies:
    broccoli-kitchen-sink-helpers "^0.2.0"
    broccoli-writer "^0.1.1"
    mkdirp "^0.3.5"

broccoli-writer@^0.1.1, broccoli-writer@~0.1.1:
  version "0.1.1"
  resolved "https://registry.yarnpkg.com/broccoli-writer/-/broccoli-writer-0.1.1.tgz#d4d71aa8f2afbc67a3866b91a2da79084b96ab2d"
  dependencies:
    quick-temp "^0.1.0"
    rsvp "^3.0.6"

can-symlink@^1.0.0:
  version "1.0.0"
  resolved "https://registry.yarnpkg.com/can-symlink/-/can-symlink-1.0.0.tgz#97b607d8a84bb6c6e228b902d864ecb594b9d219"
  dependencies:
    tmp "0.0.28"

code-highlight-linenums@^0.2.1:
  version "0.2.1"
  resolved "https://registry.yarnpkg.com/code-highlight-linenums/-/code-highlight-linenums-0.2.1.tgz#9519151404fdaa34df0b8fb809c0e2ee2913ce0e"

concat-map@0.0.1:
  version "0.0.1"
  resolved "https://registry.yarnpkg.com/concat-map/-/concat-map-0.0.1.tgz#d8a96bd77fd68df7793a73036a3ba0d5405d477b"

debug@^2.2.0:
  version "2.6.8"
  resolved "https://registry.yarnpkg.com/debug/-/debug-2.6.8.tgz#e731531ca2ede27d188222427da17821d68ff4fc"
  dependencies:
    ms "2.0.0"

es6-promise@^1.0.0:
  version "1.0.0"
  resolved "https://registry.yarnpkg.com/es6-promise/-/es6-promise-1.0.0.tgz#f90d3629faa7c26166ae4df77c89bacdeb8dca7f"

fast-ordered-set@^1.0.2:
  version "1.0.3"
  resolved "https://registry.yarnpkg.com/fast-ordered-set/-/fast-ordered-set-1.0.3.tgz#3fbb36634f7be79e4f7edbdb4a357dee25d184eb"
  dependencies:
    blank-object "^1.0.1"

fs-tree-diff@^0.5.4:
  version "0.5.6"
  resolved "https://registry.yarnpkg.com/fs-tree-diff/-/fs-tree-diff-0.5.6.tgz#342665749e8dca406800b672268c8f5073f3e623"
  dependencies:
    heimdalljs-logger "^0.1.7"
    object-assign "^4.1.0"
    path-posix "^1.0.0"
    symlink-or-copy "^1.1.8"

fs.realpath@^1.0.0:
  version "1.0.0"
  resolved "https://registry.yarnpkg.com/fs.realpath/-/fs.realpath-1.0.0.tgz#1504ad2523158caa40db4a2787cb01411994ea4f"

glob@^4.0.4:
  version "4.5.3"
  resolved "https://registry.yarnpkg.com/glob/-/glob-4.5.3.tgz#c6cb73d3226c1efef04de3c56d012f03377ee15f"
  dependencies:
    inflight "^1.0.4"
    inherits "2"
    minimatch "^2.0.1"
    once "^1.3.0"

glob@^5.0.10:
  version "5.0.15"
  resolved "https://registry.yarnpkg.com/glob/-/glob-5.0.15.tgz#1bc936b9e02f4a603fcc222ecf7633d30b8b93b1"
  dependencies:
    inflight "^1.0.4"
    inherits "2"
    minimatch "2 || 3"
    once "^1.3.0"
    path-is-absolute "^1.0.0"

glob@^7.0.5:
  version "7.1.2"
  resolved "https://registry.yarnpkg.com/glob/-/glob-7.1.2.tgz#c19c9df9a028702d678612384a6552404c636d15"
  dependencies:
    fs.realpath "^1.0.0"
    inflight "^1.0.4"
    inherits "2"
    minimatch "^3.0.4"
    once "^1.3.0"
    path-is-absolute "^1.0.0"

heimdalljs-logger@^0.1.7:
  version "0.1.9"
  resolved "https://registry.yarnpkg.com/heimdalljs-logger/-/heimdalljs-logger-0.1.9.tgz#d76ada4e45b7bb6f786fc9c010a68eb2e2faf176"
  dependencies:
    debug "^2.2.0"
    heimdalljs "^0.2.0"

heimdalljs@^0.2.0, heimdalljs@^0.2.1:
  version "0.2.5"
  resolved "https://registry.yarnpkg.com/heimdalljs/-/heimdalljs-0.2.5.tgz#6aa54308eee793b642cff9cf94781445f37730ac"
  dependencies:
    rsvp "~3.2.1"

inflight@^1.0.4:
  version "1.0.6"
  resolved "https://registry.yarnpkg.com/inflight/-/inflight-1.0.6.tgz#49bd6331d7d02d0c09bc910a1075ba8165b56df9"
  dependencies:
    once "^1.3.0"
    wrappy "1"

inherits@2:
  version "2.0.3"
  resolved "https://registry.yarnpkg.com/inherits/-/inherits-2.0.3.tgz#633c2c83e3da42a502f52466022480f4208261de"

"minimatch@2 || 3", minimatch@^3.0.4:
  version "3.0.4"
  resolved "https://registry.yarnpkg.com/minimatch/-/minimatch-3.0.4.tgz#5166e286457f03306064be5497e8dbb0c3d32083"
  dependencies:
    brace-expansion "^1.1.7"

minimatch@^2.0.1:
  version "2.0.10"
  resolved "https://registry.yarnpkg.com/minimatch/-/minimatch-2.0.10.tgz#8d087c39c6b38c001b97fca7ce6d0e1e80afbac7"
  dependencies:
    brace-expansion "^1.0.0"

minimist@0.0.8:
  version "0.0.8"
  resolved "https://registry.yarnpkg.com/minimist/-/minimist-0.0.8.tgz#857fcabfc3397d2625b8228262e86aa7a011b05d"

mkdirp@^0.3.5:
  version "0.3.5"
  resolved "https://registry.yarnpkg.com/mkdirp/-/mkdirp-0.3.5.tgz#de3e5f8961c88c787ee1368df849ac4413eca8d7"

mkdirp@^0.5.1:
  version "0.5.1"
  resolved "https://registry.yarnpkg.com/mkdirp/-/mkdirp-0.5.1.tgz#30057438eac6cf7f8c4767f38648d6697d75c903"
  dependencies:
    minimist "0.0.8"

mktemp@~0.4.0:
  version "0.4.0"
  resolved "https://registry.yarnpkg.com/mktemp/-/mktemp-0.4.0.tgz#6d0515611c8a8c84e484aa2000129b98e981ff0b"

ms@2.0.0:
  version "2.0.0"
  resolved "https://registry.yarnpkg.com/ms/-/ms-2.0.0.tgz#5608aeadfc00be6c2901df5f9861788de0d597c8"

object-assign@^4.1.0:
  version "4.1.1"
  resolved "https://registry.yarnpkg.com/object-assign/-/object-assign-4.1.1.tgz#2109adc7965887cfc05cbbd442cac8bfbb360863"

once@^1.3.0:
  version "1.4.0"
  resolved "https://registry.yarnpkg.com/once/-/once-1.4.0.tgz#583b1aa775961d4b113ac17d9c50baef9dd76bd1"
  dependencies:
    wrappy "1"

os-tmpdir@~1.0.1:
  version "1.0.2"
  resolved "https://registry.yarnpkg.com/os-tmpdir/-/os-tmpdir-1.0.2.tgz#bbe67406c79aa85c5cfec766fe5734555dfa1274"

path-is-absolute@^1.0.0:
  version "1.0.1"
  resolved "https://registry.yarnpkg.com/path-is-absolute/-/path-is-absolute-1.0.1.tgz#174b9268735534ffbc7ace6bf53a5a9e1b5c5f5f"

path-posix@^1.0.0:
  version "1.0.0"
  resolved "https://registry.yarnpkg.com/path-posix/-/path-posix-1.0.0.tgz#06b26113f56beab042545a23bfa88003ccac260f"

promise-map-series@^0.2.1:
  version "0.2.3"
  resolved "https://registry.yarnpkg.com/promise-map-series/-/promise-map-series-0.2.3.tgz#c2d377afc93253f6bd03dbb77755eb88ab20a847"
  dependencies:
    rsvp "^3.0.14"

quick-temp@^0.1.0, quick-temp@^0.1.3:
  version "0.1.8"
  resolved "https://registry.yarnpkg.com/quick-temp/-/quick-temp-0.1.8.tgz#bab02a242ab8fb0dd758a3c9776b32f9a5d94408"
  dependencies:
    mktemp "~0.4.0"
    rimraf "^2.5.4"
    underscore.string "~3.3.4"

rimraf@^2.3.4, rimraf@^2.4.3, rimraf@^2.5.4:
  version "2.6.1"
  resolved "https://registry.yarnpkg.com/rimraf/-/rimraf-2.6.1.tgz#c2338ec643df7a1b7fe5c54fa86f57428a55f33d"
  dependencies:
    glob "^7.0.5"

rsvp@^3.0.14, rsvp@^3.0.6:
  version "3.6.2"
  resolved "https://registry.yarnpkg.com/rsvp/-/rsvp-3.6.2.tgz#2e96491599a96cde1b515d5674a8f7a91452926a"

rsvp@~3.0.6:
  version "3.0.21"
  resolved "https://registry.yarnpkg.com/rsvp/-/rsvp-3.0.21.tgz#49c588fe18ef293bcd0ab9f4e6756e6ac433359f"

rsvp@~3.2.1:
  version "3.2.1"
  resolved "https://registry.yarnpkg.com/rsvp/-/rsvp-3.2.1.tgz#07cb4a5df25add9e826ebc67dcc9fd89db27d84a"

sprintf-js@^1.0.3:
  version "1.1.1"
  resolved "https://registry.yarnpkg.com/sprintf-js/-/sprintf-js-1.1.1.tgz#36be78320afe5801f6cea3ee78b6e5aab940ea0c"

symlink-or-copy@^1.0.0, symlink-or-copy@^1.1.8:
  version "1.1.8"
  resolved "https://registry.yarnpkg.com/symlink-or-copy/-/symlink-or-copy-1.1.8.tgz#cabe61e0010c1c023c173b25ee5108b37f4b4aa3"

tmp@0.0.28:
  version "0.0.28"
  resolved "https://registry.yarnpkg.com/tmp/-/tmp-0.0.28.tgz#172735b7f614ea7af39664fa84cf0de4e515d120"
  dependencies:
    os-tmpdir "~1.0.1"

underscore.string@~3.3.4:
  version "3.3.4"
  resolved "https://registry.yarnpkg.com/underscore.string/-/underscore.string-3.3.4.tgz#2c2a3f9f83e64762fdc45e6ceac65142864213db"
  dependencies:
    sprintf-js "^1.0.3"
    util-deprecate "^1.0.2"

util-deprecate@^1.0.2:
  version "1.0.2"
  resolved "https://registry.yarnpkg.com/util-deprecate/-/util-deprecate-1.0.2.tgz#450d4dc9fa70de732762fbd2d4a28981419a0ccf"

wrappy@1:
  version "1.0.2"
  resolved "https://registry.yarnpkg.com/wrappy/-/wrappy-1.0.2.tgz#b5243d8f3ec1aa35f1364605bc0d1036e30ab69f"
